
Microsoft Visual Studio Solution File, Format Version 12.00
# Visual Studio Version 16
VisualStudioVersion = 16.0.30621.155
MinimumVisualStudioVersion = 10.0.40219.1
Project("{9A19103F-16F7-4668-BE54-9A1E7A4F7556}") = "EmployeeManager", "EmployeeManager\EmployeeManager.csproj", "{C887B3E1-D08E-4A54-B6A2-970F2C131C09}"
EndProject
Global
	GlobalSection(SolutionConfigurationPlatforms) = preSolution
		Debug|Any CPU = Debug|Any CPU
		Release|Any CPU = Release|Any CPU
	EndGlobalSection
	GlobalSection(ProjectConfigurationPlatforms) = postSolution
		{C887B3E1-D08E-4A54-B6A2-970F2C131C09}.Debug|Any CPU.ActiveCfg = Debug|Any CPU
		{C887B3E1-D08E-4A54-B6A2-970F2C131C09}.Debug|Any CPU.Build.0 = Debug|Any CPU
		{C887B3E1-D08E-4A54-B6A2-970F2C131C09}.Release|Any CPU.ActiveCfg = Release|Any CPU
		{C887B3E1-D08E-4A54-B6A2-970F2C131C09}.Release|Any CPU.Build.0 = Release|Any CPU
	EndGlobalSection
	GlobalSection(SolutionProperties) = preSolution
		HideSolutionNode = FALSE
	EndGlobalSection
	GlobalSection(ExtensibilityGlobals) = postSolution
		SolutionGuid = {EAA2E84A-FB1D-4DA0-A8CC-81BCEB6B9E0D}
	EndGlobalSection
EndGlobal
